// !$*UTF8*$!
{
	archiveVersion = 1;
	classes = {
	};
	objectVersion = 51;
	objects = {

/* Begin PBXBuildFile section */
		8C1512325C307D5727799925 /* Pods_CarScout_CarScoutUITests.framework in Frameworks */ = {isa = PBXBuildFile; fileRef = 3722A53EC1955D0C1B9A2D2C /* Pods_CarScout_CarScoutUITests.framework */; };
		ABFBEC3AE0E538C53C7F22C1 /* Pods_CarScoutTests.framework in Frameworks */ = {isa = PBXBuildFile; fileRef = 4B524A945983A01581925506 /* Pods_CarScoutTests.framework */; };
		AFA7F30C6226417AAF87F5E0 /* Pods_CarScout.framework in Frameworks */ = {isa = PBXBuildFile; fileRef = A1E66D12B68275244117933C /* Pods_CarScout.framework */; };
		CD064DF62376E6D700123422 /* carList.json in Resources */ = {isa = PBXBuildFile; fileRef = CD064DF52376E6D700123422 /* carList.json */; };
		CD064DF82376F8B100123422 /* CarAnnotation.swift in Sources */ = {isa = PBXBuildFile; fileRef = CD064DF72376F8B100123422 /* CarAnnotation.swift */; };
		CD064DFA2377161B00123422 /* NetworkHandler.swift in Sources */ = {isa = PBXBuildFile; fileRef = CD064DF92377161B00123422 /* NetworkHandler.swift */; };
		CD064DFC2377240300123422 /* Car.swift in Sources */ = {isa = PBXBuildFile; fileRef = CD064DFB2377240300123422 /* Car.swift */; };
		CD4652332375BD48006B8108 /* AppDelegate.swift in Sources */ = {isa = PBXBuildFile; fileRef = CD4652322375BD48006B8108 /* AppDelegate.swift */; };
		CD4652352375BD48006B8108 /* SceneDelegate.swift in Sources */ = {isa = PBXBuildFile; fileRef = CD4652342375BD48006B8108 /* SceneDelegate.swift */; };
		CD4652372375BD48006B8108 /* HomeViewController.swift in Sources */ = {isa = PBXBuildFile; fileRef = CD4652362375BD48006B8108 /* HomeViewController.swift */; };
		CD46523A2375BD48006B8108 /* Main.storyboard in Resources */ = {isa = PBXBuildFile; fileRef = CD4652382375BD48006B8108 /* Main.storyboard */; };
		CD46523C2375BD4A006B8108 /* Assets.xcassets in Resources */ = {isa = PBXBuildFile; fileRef = CD46523B2375BD4A006B8108 /* Assets.xcassets */; };
		CD46523F2375BD4A006B8108 /* LaunchScreen.storyboard in Resources */ = {isa = PBXBuildFile; fileRef = CD46523D2375BD4A006B8108 /* LaunchScreen.storyboard */; };
		CD46524A2375BD4A006B8108 /* CarScoutTests.swift in Sources */ = {isa = PBXBuildFile; fileRef = CD4652492375BD4A006B8108 /* CarScoutTests.swift */; };
		CD4652552375BD4A006B8108 /* CarScoutUITests.swift in Sources */ = {isa = PBXBuildFile; fileRef = CD4652542375BD4A006B8108 /* CarScoutUITests.swift */; };
		CD583B912379D5CC0030C7A2 /* CarListViewController.swift in Sources */ = {isa = PBXBuildFile; fileRef = CD583B902379D5CC0030C7A2 /* CarListViewController.swift */; };
		CD583B93237AD3240030C7A2 /* CarModelTests.swift in Sources */ = {isa = PBXBuildFile; fileRef = CD583B92237AD3240030C7A2 /* CarModelTests.swift */; };
		CD957A19237AFF590013DD0A /* CarDetailsTableViewCell.swift in Sources */ = {isa = PBXBuildFile; fileRef = CD957A18237AFF590013DD0A /* CarDetailsTableViewCell.swift */; };
		CDA6B485237B212800F67B4A /* CarDetailsView.swift in Sources */ = {isa = PBXBuildFile; fileRef = CDA6B484237B212800F67B4A /* CarDetailsView.swift */; };
		CDA6B487237C5EF800F67B4A /* NetworkError.swift in Sources */ = {isa = PBXBuildFile; fileRef = CDA6B486237C5EF800F67B4A /* NetworkError.swift */; };
/* End PBXBuildFile section */

/* Begin PBXContainerItemProxy section */
		CD4652462375BD4A006B8108 /* PBXContainerItemProxy */ = {
			isa = PBXContainerItemProxy;
			containerPortal = CD4652272375BD48006B8108 /* Project object */;
			proxyType = 1;
			remoteGlobalIDString = CD46522E2375BD48006B8108;
			remoteInfo = CarScout;
		};
		CD4652512375BD4A006B8108 /* PBXContainerItemProxy */ = {
			isa = PBXContainerItemProxy;
			containerPortal = CD4652272375BD48006B8108 /* Project object */;
			proxyType = 1;
			remoteGlobalIDString = CD46522E2375BD48006B8108;
			remoteInfo = CarScout;
		};
/* End PBXContainerItemProxy section */

/* Begin PBXFileReference section */
		2158F7CC2F5E9B9AE661DB28 /* Pods-CarScout-CarScoutUITests.release.xcconfig */ = {isa = PBXFileReference; includeInIndex = 1; lastKnownFileType = text.xcconfig; name = "Pods-CarScout-CarScoutUITests.release.xcconfig"; path = "Target Support Files/Pods-CarScout-CarScoutUITests/Pods-CarScout-CarScoutUITests.release.xcconfig"; sourceTree = "<group>"; };
		248A919FB879F1413EF5A6D2 /* Pods-CarScout.release.xcconfig */ = {isa = PBXFileReference; includeInIndex = 1; lastKnownFileType = text.xcconfig; name = "Pods-CarScout.release.xcconfig"; path = "Target Support Files/Pods-CarScout/Pods-CarScout.release.xcconfig"; sourceTree = "<group>"; };
		3722A53EC1955D0C1B9A2D2C /* Pods_CarScout_CarScoutUITests.framework */ = {isa = PBXFileReference; explicitFileType = wrapper.framework; includeInIndex = 0; path = Pods_CarScout_CarScoutUITests.framework; sourceTree = BUILT_PRODUCTS_DIR; };
		4B524A945983A01581925506 /* Pods_CarScoutTests.framework */ = {isa = PBXFileReference; explicitFileType = wrapper.framework; includeInIndex = 0; path = Pods_CarScoutTests.framework; sourceTree = BUILT_PRODUCTS_DIR; };
		607B0431172FFD6BF184C16B /* Pods-CarScout.debug.xcconfig */ = {isa = PBXFileReference; includeInIndex = 1; lastKnownFileType = text.xcconfig; name = "Pods-CarScout.debug.xcconfig"; path = "Target Support Files/Pods-CarScout/Pods-CarScout.debug.xcconfig"; sourceTree = "<group>"; };
		63F4B28F08013E7A3AC61EBC /* Pods-CarScoutTests.debug.xcconfig */ = {isa = PBXFileReference; includeInIndex = 1; lastKnownFileType = text.xcconfig; name = "Pods-CarScoutTests.debug.xcconfig"; path = "Target Support Files/Pods-CarScoutTests/Pods-CarScoutTests.debug.xcconfig"; sourceTree = "<group>"; };
		690790905BD92ECA392BB880 /* Pods-CarScoutTests.release.xcconfig */ = {isa = PBXFileReference; includeInIndex = 1; lastKnownFileType = text.xcconfig; name = "Pods-CarScoutTests.release.xcconfig"; path = "Target Support Files/Pods-CarScoutTests/Pods-CarScoutTests.release.xcconfig"; sourceTree = "<group>"; };
		9D70B4F7E6A330886F0E9712 /* Pods-CarScout-CarScoutUITests.debug.xcconfig */ = {isa = PBXFileReference; includeInIndex = 1; lastKnownFileType = text.xcconfig; name = "Pods-CarScout-CarScoutUITests.debug.xcconfig"; path = "Target Support Files/Pods-CarScout-CarScoutUITests/Pods-CarScout-CarScoutUITests.debug.xcconfig"; sourceTree = "<group>"; };
		A1E66D12B68275244117933C /* Pods_CarScout.framework */ = {isa = PBXFileReference; explicitFileType = wrapper.framework; includeInIndex = 0; path = Pods_CarScout.framework; sourceTree = BUILT_PRODUCTS_DIR; };
		CD064DF52376E6D700123422 /* carList.json */ = {isa = PBXFileReference; fileEncoding = 4; lastKnownFileType = text.json; path = carList.json; sourceTree = "<group>"; };
		CD064DF72376F8B100123422 /* CarAnnotation.swift */ = {isa = PBXFileReference; lastKnownFileType = sourcecode.swift; path = CarAnnotation.swift; sourceTree = "<group>"; };
		CD064DF92377161B00123422 /* NetworkHandler.swift */ = {isa = PBXFileReference; lastKnownFileType = sourcecode.swift; path = NetworkHandler.swift; sourceTree = "<group>"; };
		CD064DFB2377240300123422 /* Car.swift */ = {isa = PBXFileReference; lastKnownFileType = sourcecode.swift; path = Car.swift; sourceTree = "<group>"; };
		CD46522F2375BD48006B8108 /* CarScout.app */ = {isa = PBXFileReference; explicitFileType = wrapper.application; includeInIndex = 0; path = CarScout.app; sourceTree = BUILT_PRODUCTS_DIR; };
		CD4652322375BD48006B8108 /* AppDelegate.swift */ = {isa = PBXFileReference; lastKnownFileType = sourcecode.swift; path = AppDelegate.swift; sourceTree = "<group>"; };
		CD4652342375BD48006B8108 /* SceneDelegate.swift */ = {isa = PBXFileReference; lastKnownFileType = sourcecode.swift; path = SceneDelegate.swift; sourceTree = "<group>"; };
		CD4652362375BD48006B8108 /* HomeViewController.swift */ = {isa = PBXFileReference; lastKnownFileType = sourcecode.swift; path = HomeViewController.swift; sourceTree = "<group>"; };
		CD4652392375BD48006B8108 /* Base */ = {isa = PBXFileReference; lastKnownFileType = file.storyboard; name = Base; path = Base.lproj/Main.storyboard; sourceTree = "<group>"; };
		CD46523B2375BD4A006B8108 /* Assets.xcassets */ = {isa = PBXFileReference; lastKnownFileType = folder.assetcatalog; path = Assets.xcassets; sourceTree = "<group>"; };
		CD46523E2375BD4A006B8108 /* Base */ = {isa = PBXFileReference; lastKnownFileType = file.storyboard; name = Base; path = Base.lproj/LaunchScreen.storyboard; sourceTree = "<group>"; };
		CD4652402375BD4A006B8108 /* Info.plist */ = {isa = PBXFileReference; lastKnownFileType = text.plist.xml; path = Info.plist; sourceTree = "<group>"; };
		CD4652452375BD4A006B8108 /* CarScoutTests.xctest */ = {isa = PBXFileReference; explicitFileType = wrapper.cfbundle; includeInIndex = 0; path = CarScoutTests.xctest; sourceTree = BUILT_PRODUCTS_DIR; };
		CD4652492375BD4A006B8108 /* CarScoutTests.swift */ = {isa = PBXFileReference; lastKnownFileType = sourcecode.swift; path = CarScoutTests.swift; sourceTree = "<group>"; };
		CD46524B2375BD4A006B8108 /* Info.plist */ = {isa = PBXFileReference; lastKnownFileType = text.plist.xml; path = Info.plist; sourceTree = "<group>"; };
		CD4652502375BD4A006B8108 /* CarScoutUITests.xctest */ = {isa = PBXFileReference; explicitFileType = wrapper.cfbundle; includeInIndex = 0; path = CarScoutUITests.xctest; sourceTree = BUILT_PRODUCTS_DIR; };
		CD4652542375BD4A006B8108 /* CarScoutUITests.swift */ = {isa = PBXFileReference; lastKnownFileType = sourcecode.swift; path = CarScoutUITests.swift; sourceTree = "<group>"; };
		CD4652562375BD4A006B8108 /* Info.plist */ = {isa = PBXFileReference; lastKnownFileType = text.plist.xml; path = Info.plist; sourceTree = "<group>"; };
		CD583B902379D5CC0030C7A2 /* CarListViewController.swift */ = {isa = PBXFileReference; lastKnownFileType = sourcecode.swift; path = CarListViewController.swift; sourceTree = "<group>"; };
		CD583B92237AD3240030C7A2 /* CarModelTests.swift */ = {isa = PBXFileReference; lastKnownFileType = sourcecode.swift; path = CarModelTests.swift; sourceTree = "<group>"; };
		CD957A18237AFF590013DD0A /* CarDetailsTableViewCell.swift */ = {isa = PBXFileReference; lastKnownFileType = sourcecode.swift; path = CarDetailsTableViewCell.swift; sourceTree = "<group>"; };
		CDA6B484237B212800F67B4A /* CarDetailsView.swift */ = {isa = PBXFileReference; lastKnownFileType = sourcecode.swift; path = CarDetailsView.swift; sourceTree = "<group>"; };
		CDA6B486237C5EF800F67B4A /* NetworkError.swift */ = {isa = PBXFileReference; lastKnownFileType = sourcecode.swift; path = NetworkError.swift; sourceTree = "<group>"; };
/* End PBXFileReference section */

/* Begin PBXFrameworksBuildPhase section */
		CD46522C2375BD48006B8108 /* Frameworks */ = {
			isa = PBXFrameworksBuildPhase;
			buildActionMask = 2147483647;
			files = (
				AFA7F30C6226417AAF87F5E0 /* Pods_CarScout.framework in Frameworks */,
			);
			runOnlyForDeploymentPostprocessing = 0;
		};
		CD4652422375BD4A006B8108 /* Frameworks */ = {
			isa = PBXFrameworksBuildPhase;
			buildActionMask = 2147483647;
			files = (
				ABFBEC3AE0E538C53C7F22C1 /* Pods_CarScoutTests.framework in Frameworks */,
			);
			runOnlyForDeploymentPostprocessing = 0;
		};
		CD46524D2375BD4A006B8108 /* Frameworks */ = {
			isa = PBXFrameworksBuildPhase;
			buildActionMask = 2147483647;
			files = (
				8C1512325C307D5727799925 /* Pods_CarScout_CarScoutUITests.framework in Frameworks */,
			);
			runOnlyForDeploymentPostprocessing = 0;
		};
/* End PBXFrameworksBuildPhase section */

/* Begin PBXGroup section */
		58BB165EE5EE5A7FB1198A47 /* Pods */ = {
			isa = PBXGroup;
			children = (
				607B0431172FFD6BF184C16B /* Pods-CarScout.debug.xcconfig */,
				248A919FB879F1413EF5A6D2 /* Pods-CarScout.release.xcconfig */,
				9D70B4F7E6A330886F0E9712 /* Pods-CarScout-CarScoutUITests.debug.xcconfig */,
				2158F7CC2F5E9B9AE661DB28 /* Pods-CarScout-CarScoutUITests.release.xcconfig */,
				63F4B28F08013E7A3AC61EBC /* Pods-CarScoutTests.debug.xcconfig */,
				690790905BD92ECA392BB880 /* Pods-CarScoutTests.release.xcconfig */,
			);
			path = Pods;
			sourceTree = "<group>";
		};
		BA68CC6C6CCD9D4448355C29 /* Frameworks */ = {
			isa = PBXGroup;
			children = (
				A1E66D12B68275244117933C /* Pods_CarScout.framework */,
				3722A53EC1955D0C1B9A2D2C /* Pods_CarScout_CarScoutUITests.framework */,
				4B524A945983A01581925506 /* Pods_CarScoutTests.framework */,
			);
			name = Frameworks;
			sourceTree = "<group>";
		};
		CD3B699223795DBB00895F3A /* Controllers */ = {
			isa = PBXGroup;
			children = (
				CD583B902379D5CC0030C7A2 /* CarListViewController.swift */,
			);
			path = Controllers;
			sourceTree = "<group>";
		};
		CD4652262375BD48006B8108 = {
			isa = PBXGroup;
			children = (
				CD4652312375BD48006B8108 /* CarScout */,
				CD4652482375BD4A006B8108 /* CarScoutTests */,
				CD4652532375BD4A006B8108 /* CarScoutUITests */,
				CD4652302375BD48006B8108 /* Products */,
				58BB165EE5EE5A7FB1198A47 /* Pods */,
				BA68CC6C6CCD9D4448355C29 /* Frameworks */,
			);
			sourceTree = "<group>";
		};
		CD4652302375BD48006B8108 /* Products */ = {
			isa = PBXGroup;
			children = (
				CD46522F2375BD48006B8108 /* CarScout.app */,
				CD4652452375BD4A006B8108 /* CarScoutTests.xctest */,
				CD4652502375BD4A006B8108 /* CarScoutUITests.xctest */,
			);
			name = Products;
			sourceTree = "<group>";
		};
		CD4652312375BD48006B8108 /* CarScout */ = {
			isa = PBXGroup;
			children = (
				CD4652672375DFEE006B8108 /* Home */,
				CD957A17237AFF130013DD0A /* Views */,
				CD3B699223795DBB00895F3A /* Controllers */,
				CD4652632375DC7C006B8108 /* Models */,
				CD4652642375DF9B006B8108 /* Networking */,
				CD4652662375DFB4006B8108 /* Startup */,
				CD4652652375DFAA006B8108 /* Supporting Files */,
				CD4652622375DC73006B8108 /* Resources */,
			);
			path = CarScout;
			sourceTree = "<group>";
		};
		CD4652482375BD4A006B8108 /* CarScoutTests */ = {
			isa = PBXGroup;
			children = (
				CD4652492375BD4A006B8108 /* CarScoutTests.swift */,
				CD583B92237AD3240030C7A2 /* CarModelTests.swift */,
				CD46524B2375BD4A006B8108 /* Info.plist */,
			);
			path = CarScoutTests;
			sourceTree = "<group>";
		};
		CD4652532375BD4A006B8108 /* CarScoutUITests */ = {
			isa = PBXGroup;
			children = (
				CD4652542375BD4A006B8108 /* CarScoutUITests.swift */,
				CD4652562375BD4A006B8108 /* Info.plist */,
			);
			path = CarScoutUITests;
			sourceTree = "<group>";
		};
		CD4652622375DC73006B8108 /* Resources */ = {
			isa = PBXGroup;
			children = (
				CD46523B2375BD4A006B8108 /* Assets.xcassets */,
			);
			path = Resources;
			sourceTree = "<group>";
		};
		CD4652632375DC7C006B8108 /* Models */ = {
			isa = PBXGroup;
			children = (
				CD064DF72376F8B100123422 /* CarAnnotation.swift */,
				CD064DFB2377240300123422 /* Car.swift */,
			);
			path = Models;
			sourceTree = "<group>";
		};
		CD4652642375DF9B006B8108 /* Networking */ = {
			isa = PBXGroup;
			children = (
				CD064DF92377161B00123422 /* NetworkHandler.swift */,
				CDA6B486237C5EF800F67B4A /* NetworkError.swift */,
			);
			path = Networking;
			sourceTree = "<group>";
		};
		CD4652652375DFAA006B8108 /* Supporting Files */ = {
			isa = PBXGroup;
			children = (
				CD064DF52376E6D700123422 /* carList.json */,
				CD46523D2375BD4A006B8108 /* LaunchScreen.storyboard */,
				CD4652402375BD4A006B8108 /* Info.plist */,
			);
			path = "Supporting Files";
			sourceTree = "<group>";
		};
		CD4652662375DFB4006B8108 /* Startup */ = {
			isa = PBXGroup;
			children = (
				CD4652322375BD48006B8108 /* AppDelegate.swift */,
				CD4652342375BD48006B8108 /* SceneDelegate.swift */,
			);
			path = Startup;
			sourceTree = "<group>";
		};
		CD4652672375DFEE006B8108 /* Home */ = {
			isa = PBXGroup;
			children = (
				CD4652362375BD48006B8108 /* HomeViewController.swift */,
				CD4652382375BD48006B8108 /* Main.storyboard */,
			);
			path = Home;
			sourceTree = "<group>";
		};
		CD957A17237AFF130013DD0A /* Views */ = {
			isa = PBXGroup;
			children = (
				CD957A18237AFF590013DD0A /* CarDetailsTableViewCell.swift */,
				CDA6B484237B212800F67B4A /* CarDetailsView.swift */,
			);
			path = Views;
			sourceTree = "<group>";
		};
/* End PBXGroup section */

/* Begin PBXNativeTarget section */
		CD46522E2375BD48006B8108 /* CarScout */ = {
			isa = PBXNativeTarget;
			buildConfigurationList = CD4652592375BD4A006B8108 /* Build configuration list for PBXNativeTarget "CarScout" */;
			buildPhases = (
				C21886510F15E3673C70A9DB /* [CP] Check Pods Manifest.lock */,
				CD46522B2375BD48006B8108 /* Sources */,
				CD46522C2375BD48006B8108 /* Frameworks */,
				CD46522D2375BD48006B8108 /* Resources */,
				883E3793A4330931BFAF2373 /* [CP] Embed Pods Frameworks */,
			);
			buildRules = (
			);
			dependencies = (
			);
			name = CarScout;
			productName = CarScout;
			productReference = CD46522F2375BD48006B8108 /* CarScout.app */;
			productType = "com.apple.product-type.application";
		};
		CD4652442375BD4A006B8108 /* CarScoutTests */ = {
			isa = PBXNativeTarget;
			buildConfigurationList = CD46525C2375BD4A006B8108 /* Build configuration list for PBXNativeTarget "CarScoutTests" */;
			buildPhases = (
				B19EFD936CCB731229888E70 /* [CP] Check Pods Manifest.lock */,
				CD4652412375BD4A006B8108 /* Sources */,
				CD4652422375BD4A006B8108 /* Frameworks */,
				CD4652432375BD4A006B8108 /* Resources */,
			);
			buildRules = (
			);
			dependencies = (
				CD4652472375BD4A006B8108 /* PBXTargetDependency */,
			);
			name = CarScoutTests;
			productName = CarScoutTests;
			productReference = CD4652452375BD4A006B8108 /* CarScoutTests.xctest */;
			productType = "com.apple.product-type.bundle.unit-test";
		};
		CD46524F2375BD4A006B8108 /* CarScoutUITests */ = {
			isa = PBXNativeTarget;
			buildConfigurationList = CD46525F2375BD4A006B8108 /* Build configuration list for PBXNativeTarget "CarScoutUITests" */;
			buildPhases = (
				375849DB1A395F10BC91342F /* [CP] Check Pods Manifest.lock */,
				CD46524C2375BD4A006B8108 /* Sources */,
				CD46524D2375BD4A006B8108 /* Frameworks */,
				CD46524E2375BD4A006B8108 /* Resources */,
				CAC066DA917FCEF55C9BB22E /* [CP] Embed Pods Frameworks */,
			);
			buildRules = (
			);
			dependencies = (
				CD4652522375BD4A006B8108 /* PBXTargetDependency */,
			);
			name = CarScoutUITests;
			productName = CarScoutUITests;
			productReference = CD4652502375BD4A006B8108 /* CarScoutUITests.xctest */;
			productType = "com.apple.product-type.bundle.ui-testing";
		};
/* End PBXNativeTarget section */

/* Begin PBXProject section */
		CD4652272375BD48006B8108 /* Project object */ = {
			isa = PBXProject;
			attributes = {
				LastSwiftUpdateCheck = 1110;
				LastUpgradeCheck = 1110;
				ORGANIZATIONNAME = "Valentina Henao";
				TargetAttributes = {
					CD46522E2375BD48006B8108 = {
						CreatedOnToolsVersion = 11.1;
					};
					CD4652442375BD4A006B8108 = {
						CreatedOnToolsVersion = 11.1;
						TestTargetID = CD46522E2375BD48006B8108;
					};
					CD46524F2375BD4A006B8108 = {
						CreatedOnToolsVersion = 11.1;
						TestTargetID = CD46522E2375BD48006B8108;
					};
				};
			};
			buildConfigurationList = CD46522A2375BD48006B8108 /* Build configuration list for PBXProject "CarScout" */;
			compatibilityVersion = "Xcode 9.3";
			developmentRegion = en;
			hasScannedForEncodings = 0;
			knownRegions = (
				en,
				Base,
			);
			mainGroup = CD4652262375BD48006B8108;
			productRefGroup = CD4652302375BD48006B8108 /* Products */;
			projectDirPath = "";
			projectRoot = "";
			targets = (
				CD46522E2375BD48006B8108 /* CarScout */,
				CD4652442375BD4A006B8108 /* CarScoutTests */,
				CD46524F2375BD4A006B8108 /* CarScoutUITests */,
			);
		};
/* End PBXProject section */

/* Begin PBXResourcesBuildPhase section */
		CD46522D2375BD48006B8108 /* Resources */ = {
			isa = PBXResourcesBuildPhase;
			buildActionMask = 2147483647;
			files = (
				CD46523F2375BD4A006B8108 /* LaunchScreen.storyboard in Resources */,
				CD46523C2375BD4A006B8108 /* Assets.xcassets in Resources */,
				CD064DF62376E6D700123422 /* carList.json in Resources */,
				CD46523A2375BD48006B8108 /* Main.storyboard in Resources */,
			);
			runOnlyForDeploymentPostprocessing = 0;
		};
		CD4652432375BD4A006B8108 /* Resources */ = {
			isa = PBXResourcesBuildPhase;
			buildActionMask = 2147483647;
			files = (
			);
			runOnlyForDeploymentPostprocessing = 0;
		};
		CD46524E2375BD4A006B8108 /* Resources */ = {
			isa = PBXResourcesBuildPhase;
			buildActionMask = 2147483647;
			files = (
			);
			runOnlyForDeploymentPostprocessing = 0;
		};
/* End PBXResourcesBuildPhase section */

/* Begin PBXShellScriptBuildPhase section */
		375849DB1A395F10BC91342F /* [CP] Check Pods Manifest.lock */ = {
			isa = PBXShellScriptBuildPhase;
			buildActionMask = 2147483647;
			files = (
			);
			inputFileListPaths = (
			);
			inputPaths = (
				"${PODS_PODFILE_DIR_PATH}/Podfile.lock",
				"${PODS_ROOT}/Manifest.lock",
			);
			name = "[CP] Check Pods Manifest.lock";
			outputFileListPaths = (
			);
			outputPaths = (
				"$(DERIVED_FILE_DIR)/Pods-CarScout-CarScoutUITests-checkManifestLockResult.txt",
			);
			runOnlyForDeploymentPostprocessing = 0;
			shellPath = /bin/sh;
			shellScript = "diff \"${PODS_PODFILE_DIR_PATH}/Podfile.lock\" \"${PODS_ROOT}/Manifest.lock\" > /dev/null\nif [ $? != 0 ] ; then\n    # print error to STDERR\n    echo \"error: The sandbox is not in sync with the Podfile.lock. Run 'pod install' or update your CocoaPods installation.\" >&2\n    exit 1\nfi\n# This output is used by Xcode 'outputs' to avoid re-running this script phase.\necho \"SUCCESS\" > \"${SCRIPT_OUTPUT_FILE_0}\"\n";
			showEnvVarsInLog = 0;
		};
		883E3793A4330931BFAF2373 /* [CP] Embed Pods Frameworks */ = {
			isa = PBXShellScriptBuildPhase;
			buildActionMask = 2147483647;
			files = (
			);
			inputFileListPaths = (
				"${PODS_ROOT}/Target Support Files/Pods-CarScout/Pods-CarScout-frameworks-${CONFIGURATION}-input-files.xcfilelist",
			);
			name = "[CP] Embed Pods Frameworks";
			outputFileListPaths = (
				"${PODS_ROOT}/Target Support Files/Pods-CarScout/Pods-CarScout-frameworks-${CONFIGURATION}-output-files.xcfilelist",
			);
			runOnlyForDeploymentPostprocessing = 0;
			shellPath = /bin/sh;
			shellScript = "\"${PODS_ROOT}/Target Support Files/Pods-CarScout/Pods-CarScout-frameworks.sh\"\n";
			showEnvVarsInLog = 0;
		};
		B19EFD936CCB731229888E70 /* [CP] Check Pods Manifest.lock */ = {
			isa = PBXShellScriptBuildPhase;
			buildActionMask = 2147483647;
			files = (
			);
			inputFileListPaths = (
			);
			inputPaths = (
				"${PODS_PODFILE_DIR_PATH}/Podfile.lock",
				"${PODS_ROOT}/Manifest.lock",
			);
			name = "[CP] Check Pods Manifest.lock";
			outputFileListPaths = (
			);
			outputPaths = (
				"$(DERIVED_FILE_DIR)/Pods-CarScoutTests-checkManifestLockResult.txt",
			);
			runOnlyForDeploymentPostprocessing = 0;
			shellPath = /bin/sh;
			shellScript = "diff \"${PODS_PODFILE_DIR_PATH}/Podfile.lock\" \"${PODS_ROOT}/Manifest.lock\" > /dev/null\nif [ $? != 0 ] ; then\n    # print error to STDERR\n    echo \"error: The sandbox is not in sync with the Podfile.lock. Run 'pod install' or update your CocoaPods installation.\" >&2\n    exit 1\nfi\n# This output is used by Xcode 'outputs' to avoid re-running this script phase.\necho \"SUCCESS\" > \"${SCRIPT_OUTPUT_FILE_0}\"\n";
			showEnvVarsInLog = 0;
		};
		C21886510F15E3673C70A9DB /* [CP] Check Pods Manifest.lock */ = {
			isa = PBXShellScriptBuildPhase;
			buildActionMask = 2147483647;
			files = (
			);
			inputFileListPaths = (
			);
			inputPaths = (
				"${PODS_PODFILE_DIR_PATH}/Podfile.lock",
				"${PODS_ROOT}/Manifest.lock",
			);
			name = "[CP] Check Pods Manifest.lock";
			outputFileListPaths = (
			);
			outputPaths = (
				"$(DERIVED_FILE_DIR)/Pods-CarScout-checkManifestLockResult.txt",
			);
			runOnlyForDeploymentPostprocessing = 0;
			shellPath = /bin/sh;
			shellScript = "diff \"${PODS_PODFILE_DIR_PATH}/Podfile.lock\" \"${PODS_ROOT}/Manifest.lock\" > /dev/null\nif [ $? != 0 ] ; then\n    # print error to STDERR\n    echo \"error: The sandbox is not in sync with the Podfile.lock. Run 'pod install' or update your CocoaPods installation.\" >&2\n    exit 1\nfi\n# This output is used by Xcode 'outputs' to avoid re-running this script phase.\necho \"SUCCESS\" > \"${SCRIPT_OUTPUT_FILE_0}\"\n";
			showEnvVarsInLog = 0;
		};
		CAC066DA917FCEF55C9BB22E /* [CP] Embed Pods Frameworks */ = {
			isa = PBXShellScriptBuildPhase;
			buildActionMask = 2147483647;
			files = (
			);
			inputFileListPaths = (
				"${PODS_ROOT}/Target Support Files/Pods-CarScout-CarScoutUITests/Pods-CarScout-CarScoutUITests-frameworks-${CONFIGURATION}-input-files.xcfilelist",
			);
			name = "[CP] Embed Pods Frameworks";
			outputFileListPaths = (
				"${PODS_ROOT}/Target Support Files/Pods-CarScout-CarScoutUITests/Pods-CarScout-CarScoutUITests-frameworks-${CONFIGURATION}-output-files.xcfilelist",
			);
			runOnlyForDeploymentPostprocessing = 0;
			shellPath = /bin/sh;
			shellScript = "\"${PODS_ROOT}/Target Support Files/Pods-CarScout-CarScoutUITests/Pods-CarScout-CarScoutUITests-frameworks.sh\"\n";
			showEnvVarsInLog = 0;
		};
/* End PBXShellScriptBuildPhase section */

/* Begin PBXSourcesBuildPhase section */
		CD46522B2375BD48006B8108 /* Sources */ = {
			isa = PBXSourcesBuildPhase;
			buildActionMask = 2147483647;
			files = (
				CD064DF82376F8B100123422 /* CarAnnotation.swift in Sources */,
				CD4652372375BD48006B8108 /* HomeViewController.swift in Sources */,
				CD064DFC2377240300123422 /* Car.swift in Sources */,
				CD4652332375BD48006B8108 /* AppDelegate.swift in Sources */,
				CD064DFA2377161B00123422 /* NetworkHandler.swift in Sources */,
				CDA6B485237B212800F67B4A /* CarDetailsView.swift in Sources */,
				CD957A19237AFF590013DD0A /* CarDetailsTableViewCell.swift in Sources */,
				CD4652352375BD48006B8108 /* SceneDelegate.swift in Sources */,
				CD583B912379D5CC0030C7A2 /* CarListViewController.swift in Sources */,
				CDA6B487237C5EF800F67B4A /* NetworkError.swift in Sources */,
			);
			runOnlyForDeploymentPostprocessing = 0;
		};
		CD4652412375BD4A006B8108 /* Sources */ = {
			isa = PBXSourcesBuildPhase;
			buildActionMask = 2147483647;
			files = (
				CD583B93237AD3240030C7A2 /* CarModelTests.swift in Sources */,
				CD46524A2375BD4A006B8108 /* CarScoutTests.swift in Sources */,
			);
			runOnlyForDeploymentPostprocessing = 0;
		};
		CD46524C2375BD4A006B8108 /* Sources */ = {
			isa = PBXSourcesBuildPhase;
			buildActionMask = 2147483647;
			files = (
				CD4652552375BD4A006B8108 /* CarScoutUITests.swift in Sources */,
			);
			runOnlyForDeploymentPostprocessing = 0;
		};
/* End PBXSourcesBuildPhase section */

/* Begin PBXTargetDependency section */
		CD4652472375BD4A006B8108 /* PBXTargetDependency */ = {
			isa = PBXTargetDependency;
			target = CD46522E2375BD48006B8108 /* CarScout */;
			targetProxy = CD4652462375BD4A006B8108 /* PBXContainerItemProxy */;
		};
		CD4652522375BD4A006B8108 /* PBXTargetDependency */ = {
			isa = PBXTargetDependency;
			target = CD46522E2375BD48006B8108 /* CarScout */;
			targetProxy = CD4652512375BD4A006B8108 /* PBXContainerItemProxy */;
		};
/* End PBXTargetDependency section */

/* Begin PBXVariantGroup section */
		CD4652382375BD48006B8108 /* Main.storyboard */ = {
			isa = PBXVariantGroup;
			children = (
				CD4652392375BD48006B8108 /* Base */,
			);
			name = Main.storyboard;
			sourceTree = "<group>";
		};
		CD46523D2375BD4A006B8108 /* LaunchScreen.storyboard */ = {
			isa = PBXVariantGroup;
			children = (
				CD46523E2375BD4A006B8108 /* Base */,
			);
			name = LaunchScreen.storyboard;
			sourceTree = "<group>";
		};
/* End PBXVariantGroup section */

/* Begin XCBuildConfiguration section */
		CD4652572375BD4A006B8108 /* Debug */ = {
			isa = XCBuildConfiguration;
			buildSettings = {
				ALWAYS_SEARCH_USER_PATHS = NO;
				CLANG_ANALYZER_NONNULL = YES;
				CLANG_ANALYZER_NUMBER_OBJECT_CONVERSION = YES_AGGRESSIVE;
				CLANG_CXX_LANGUAGE_STANDARD = "gnu++14";
				CLANG_CXX_LIBRARY = "libc++";
				CLANG_ENABLE_MODULES = YES;
				CLANG_ENABLE_OBJC_ARC = YES;
				CLANG_ENABLE_OBJC_WEAK = YES;
				CLANG_WARN_BLOCK_CAPTURE_AUTORELEASING = YES;
				CLANG_WARN_BOOL_CONVERSION = YES;
				CLANG_WARN_COMMA = YES;
				CLANG_WARN_CONSTANT_CONVERSION = YES;
				CLANG_WARN_DEPRECATED_OBJC_IMPLEMENTATIONS = YES;
				CLANG_WARN_DIRECT_OBJC_ISA_USAGE = YES_ERROR;
				CLANG_WARN_DOCUMENTATION_COMMENTS = YES;
				CLANG_WARN_EMPTY_BODY = YES;
				CLANG_WARN_ENUM_CONVERSION = YES;
				CLANG_WARN_INFINITE_RECURSION = YES;
				CLANG_WARN_INT_CONVERSION = YES;
				CLANG_WARN_NON_LITERAL_NULL_CONVERSION = YES;
				CLANG_WARN_OBJC_IMPLICIT_RETAIN_SELF = YES;
				CLANG_WARN_OBJC_LITERAL_CONVERSION = YES;
				CLANG_WARN_OBJC_ROOT_CLASS = YES_ERROR;
				CLANG_WARN_RANGE_LOOP_ANALYSIS = YES;
				CLANG_WARN_STRICT_PROTOTYPES = YES;
				CLANG_WARN_SUSPICIOUS_MOVE = YES;
				CLANG_WARN_UNGUARDED_AVAILABILITY = YES_AGGRESSIVE;
				CLANG_WARN_UNREACHABLE_CODE = YES;
				CLANG_WARN__DUPLICATE_METHOD_MATCH = YES;
				COPY_PHASE_STRIP = NO;
				DEBUG_INFORMATION_FORMAT = dwarf;
				ENABLE_STRICT_OBJC_MSGSEND = YES;
				ENABLE_TESTABILITY = YES;
				GCC_C_LANGUAGE_STANDARD = gnu11;
				GCC_DYNAMIC_NO_PIC = NO;
				GCC_NO_COMMON_BLOCKS = YES;
				GCC_OPTIMIZATION_LEVEL = 0;
				GCC_PREPROCESSOR_DEFINITIONS = (
					"DEBUG=1",
					"$(inherited)",
				);
				GCC_WARN_64_TO_32_BIT_CONVERSION = YES;
				GCC_WARN_ABOUT_RETURN_TYPE = YES_ERROR;
				GCC_WARN_UNDECLARED_SELECTOR = YES;
				GCC_WARN_UNINITIALIZED_AUTOS = YES_AGGRESSIVE;
				GCC_WARN_UNUSED_FUNCTION = YES;
				GCC_WARN_UNUSED_VARIABLE = YES;
				IPHONEOS_DEPLOYMENT_TARGET = 13.1;
				MTL_ENABLE_DEBUG_INFO = INCLUDE_SOURCE;
				MTL_FAST_MATH = YES;
				ONLY_ACTIVE_ARCH = YES;
				SDKROOT = iphoneos;
				SWIFT_ACTIVE_COMPILATION_CONDITIONS = DEBUG;
				SWIFT_OPTIMIZATION_LEVEL = "-Onone";
			};
			name = Debug;
		};
		CD4652582375BD4A006B8108 /* Release */ = {
			isa = XCBuildConfiguration;
			buildSettings = {
				ALWAYS_SEARCH_USER_PATHS = NO;
				CLANG_ANALYZER_NONNULL = YES;
				CLANG_ANALYZER_NUMBER_OBJECT_CONVERSION = YES_AGGRESSIVE;
				CLANG_CXX_LANGUAGE_STANDARD = "gnu++14";
				CLANG_CXX_LIBRARY = "libc++";
				CLANG_ENABLE_MODULES = YES;
				CLANG_ENABLE_OBJC_ARC = YES;
				CLANG_ENABLE_OBJC_WEAK = YES;
				CLANG_WARN_BLOCK_CAPTURE_AUTORELEASING = YES;
				CLANG_WARN_BOOL_CONVERSION = YES;
				CLANG_WARN_COMMA = YES;
				CLANG_WARN_CONSTANT_CONVERSION = YES;
				CLANG_WARN_DEPRECATED_OBJC_IMPLEMENTATIONS = YES;
				CLANG_WARN_DIRECT_OBJC_ISA_USAGE = YES_ERROR;
				CLANG_WARN_DOCUMENTATION_COMMENTS = YES;
				CLANG_WARN_EMPTY_BODY = YES;
				CLANG_WARN_ENUM_CONVERSION = YES;
				CLANG_WARN_INFINITE_RECURSION = YES;
				CLANG_WARN_INT_CONVERSION = YES;
				CLANG_WARN_NON_LITERAL_NULL_CONVERSION = YES;
				CLANG_WARN_OBJC_IMPLICIT_RETAIN_SELF = YES;
				CLANG_WARN_OBJC_LITERAL_CONVERSION = YES;
				CLANG_WARN_OBJC_ROOT_CLASS = YES_ERROR;
				CLANG_WARN_RANGE_LOOP_ANALYSIS = YES;
				CLANG_WARN_STRICT_PROTOTYPES = YES;
				CLANG_WARN_SUSPICIOUS_MOVE = YES;
				CLANG_WARN_UNGUARDED_AVAILABILITY = YES_AGGRESSIVE;
				CLANG_WARN_UNREACHABLE_CODE = YES;
				CLANG_WARN__DUPLICATE_METHOD_MATCH = YES;
				COPY_PHASE_STRIP = NO;
				DEBUG_INFORMATION_FORMAT = "dwarf-with-dsym";
				ENABLE_NS_ASSERTIONS = NO;
				ENABLE_STRICT_OBJC_MSGSEND = YES;
				GCC_C_LANGUAGE_STANDARD = gnu11;
				GCC_NO_COMMON_BLOCKS = YES;
				GCC_WARN_64_TO_32_BIT_CONVERSION = YES;
				GCC_WARN_ABOUT_RETURN_TYPE = YES_ERROR;
				GCC_WARN_UNDECLARED_SELECTOR = YES;
				GCC_WARN_UNINITIALIZED_AUTOS = YES_AGGRESSIVE;
				GCC_WARN_UNUSED_FUNCTION = YES;
				GCC_WARN_UNUSED_VARIABLE = YES;
				IPHONEOS_DEPLOYMENT_TARGET = 13.1;
				MTL_ENABLE_DEBUG_INFO = NO;
				MTL_FAST_MATH = YES;
				SDKROOT = iphoneos;
				SWIFT_COMPILATION_MODE = wholemodule;
				SWIFT_OPTIMIZATION_LEVEL = "-O";
				VALIDATE_PRODUCT = YES;
			};
			name = Release;
		};
		CD46525A2375BD4A006B8108 /* Debug */ = {
			isa = XCBuildConfiguration;
			baseConfigurationReference = 607B0431172FFD6BF184C16B /* Pods-CarScout.debug.xcconfig */;
			buildSettings = {
				ASSETCATALOG_COMPILER_APPICON_NAME = AppIcon;
				CODE_SIGN_STYLE = Automatic;
				DEVELOPMENT_TEAM = CN4W3YSZKE;
				INFOPLIST_FILE = "CarScout/Supporting Files/Info.plist";
				LD_RUNPATH_SEARCH_PATHS = (
					"$(inherited)",
					"@executable_path/Frameworks",
				);
				PRODUCT_BUNDLE_IDENTIFIER = valenhear.CarScout;
				PRODUCT_NAME = "$(TARGET_NAME)";
				SWIFT_VERSION = 5.0;
				TARGETED_DEVICE_FAMILY = "1,2";
			};
			name = Debug;
		};
		CD46525B2375BD4A006B8108 /* Release */ = {
			isa = XCBuildConfiguration;
			baseConfigurationReference = 248A919FB879F1413EF5A6D2 /* Pods-CarScout.release.xcconfig */;
			buildSettings = {
				ASSETCATALOG_COMPILER_APPICON_NAME = AppIcon;
				CODE_SIGN_STYLE = Automatic;
				DEVELOPMENT_TEAM = CN4W3YSZKE;
				INFOPLIST_FILE = "CarScout/Supporting Files/Info.plist";
				LD_RUNPATH_SEARCH_PATHS = (
					"$(inherited)",
					"@executable_path/Frameworks",
				);
				PRODUCT_BUNDLE_IDENTIFIER = valenhear.CarScout;
				PRODUCT_NAME = "$(TARGET_NAME)";
				SWIFT_VERSION = 5.0;
				TARGETED_DEVICE_FAMILY = "1,2";
			};
			name = Release;
		};
		CD46525D2375BD4A006B8108 /* Debug */ = {
			isa = XCBuildConfiguration;
			baseConfigurationReference = 63F4B28F08013E7A3AC61EBC /* Pods-CarScoutTests.debug.xcconfig */;
			buildSettings = {
				ALWAYS_EMBED_SWIFT_STANDARD_LIBRARIES = YES;
				BUNDLE_LOADER = "$(TEST_HOST)";
				CODE_SIGN_STYLE = Automatic;
				DEVELOPMENT_TEAM = CN4W3YSZKE;
				INFOPLIST_FILE = CarScoutTests/Info.plist;
				IPHONEOS_DEPLOYMENT_TARGET = 13.1;
				LD_RUNPATH_SEARCH_PATHS = (
					"$(inherited)",
					"@executable_path/Frameworks",
					"@loader_path/Frameworks",
				);
				PRODUCT_BUNDLE_IDENTIFIER = valenhear.CarScoutTests;
				PRODUCT_NAME = "$(TARGET_NAME)";
				SWIFT_VERSION = 5.0;
				TARGETED_DEVICE_FAMILY = "1,2";
				TEST_HOST = "$(BUILT_PRODUCTS_DIR)/CarScout.app/CarScout";
			};
			name = Debug;
		};
		CD46525E2375BD4A006B8108 /* Release */ = {
			isa = XCBuildConfiguration;
			baseConfigurationReference = 690790905BD92ECA392BB880 /* Pods-CarScoutTests.release.xcconfig */;
			buildSettings = {
				ALWAYS_EMBED_SWIFT_STANDARD_LIBRARIES = YES;
				BUNDLE_LOADER = "$(TEST_HOST)";
				CODE_SIGN_STYLE = Automatic;
				DEVELOPMENT_TEAM = CN4W3YSZKE;
				INFOPLIST_FILE = CarScoutTests/Info.plist;
				IPHONEOS_DEPLOYMENT_TARGET = 13.1;
				LD_RUNPATH_SEARCH_PATHS = (
					"$(inherited)",
					"@executable_path/Frameworks",
					"@loader_path/Frameworks",
				);
				PRODUCT_BUNDLE_IDENTIFIER = valenhear.CarScoutTests;
				PRODUCT_NAME = "$(TARGET_NAME)";
				SWIFT_VERSION = 5.0;
				TARGETED_DEVICE_FAMILY = "1,2";
				TEST_HOST = "$(BUILT_PRODUCTS_DIR)/CarScout.app/CarScout";
			};
			name = Release;
		};
		CD4652602375BD4A006B8108 /* Debug */ = {
			isa = XCBuildConfiguration;
			baseConfigurationReference = 9D70B4F7E6A330886F0E9712 /* Pods-CarScout-CarScoutUITests.debug.xcconfig */;
			buildSettings = {
				ALWAYS_EMBED_SWIFT_STANDARD_LIBRARIES = YES;
				CODE_SIGN_STYLE = Automatic;
				DEVELOPMENT_TEAM = CN4W3YSZKE;
				INFOPLIST_FILE = CarScoutUITests/Info.plist;
				LD_RUNPATH_SEARCH_PATHS = (
					"$(inherited)",
					"@executable_path/Frameworks",
					"@loader_path/Frameworks",
				);
				PRODUCT_BUNDLE_IDENTIFIER = valenhear.CarScoutUITests;
				PRODUCT_NAME = "$(TARGET_NAME)";
				SWIFT_VERSION = 5.0;
				TARGETED_DEVICE_FAMILY = "1,2";
				TEST_TARGET_NAME = CarScout;
			};
			name = Debug;
		};
		CD4652612375BD4A006B8108 /* Release */ = {
			isa = XCBuildConfiguration;
			baseConfigurationReference = 2158F7CC2F5E9B9AE661DB28 /* Pods-CarScout-CarScoutUITests.release.xcconfig */;
			buildSettings = {
				ALWAYS_EMBED_SWIFT_STANDARD_LIBRARIES = YES;
				CODE_SIGN_STYLE = Automatic;
				DEVELOPMENT_TEAM = CN4W3YSZKE;
				INFOPLIST_FILE = CarScoutUITests/Info.plist;
				LD_RUNPATH_SEARCH_PATHS = (
					"$(inherited)",
					"@executable_path/Frameworks",
					"@loader_path/Frameworks",
				);
				PRODUCT_BUNDLE_IDENTIFIER = valenhear.CarScoutUITests;
				PRODUCT_NAME = "$(TARGET_NAME)";
				SWIFT_VERSION = 5.0;
				TARGETED_DEVICE_FAMILY = "1,2";
				TEST_TARGET_NAME = CarScout;
			};
			name = Release;
		};
/* End XCBuildConfiguration section */

/* Begin XCConfigurationList section */
		CD46522A2375BD48006B8108 /* Build configuration list for PBXProject "CarScout" */ = {
			isa = XCConfigurationList;
			buildConfigurations = (
				CD4652572375BD4A006B8108 /* Debug */,
				CD4652582375BD4A006B8108 /* Release */,
			);
			defaultConfigurationIsVisible = 0;
			defaultConfigurationName = Release;
		};
		CD4652592375BD4A006B8108 /* Build configuration list for PBXNativeTarget "CarScout" */ = {
			isa = XCConfigurationList;
			buildConfigurations = (
				CD46525A2375BD4A006B8108 /* Debug */,
				CD46525B2375BD4A006B8108 /* Release */,
			);
			defaultConfigurationIsVisible = 0;
			defaultConfigurationName = Release;
		};
		CD46525C2375BD4A006B8108 /* Build configuration list for PBXNativeTarget "CarScoutTests" */ = {
			isa = XCConfigurationList;
			buildConfigurations = (
				CD46525D2375BD4A006B8108 /* Debug */,
				CD46525E2375BD4A006B8108 /* Release */,
			);
			defaultConfigurationIsVisible = 0;
			defaultConfigurationName = Release;
		};
		CD46525F2375BD4A006B8108 /* Build configuration list for PBXNativeTarget "CarScoutUITests" */ = {
			isa = XCConfigurationList;
			buildConfigurations = (
				CD4652602375BD4A006B8108 /* Debug */,
				CD4652612375BD4A006B8108 /* Release */,
			);
			defaultConfigurationIsVisible = 0;
			defaultConfigurationName = Release;
		};
/* End XCConfigurationList section */
	};
	rootObject = CD4652272375BD48006B8108 /* Project object */;
}
